<?xml version="1.0" encoding="utf-8"?>
<Project ToolsVersion="4.0" xmlns="http://schemas.microsoft.com/developer/msbuild/2003">
  <ItemGroup>
    <Filter Include="Form Files">
      <UniqueIdentifier>{99349809-55BA-4b9d-BF79-8FDBB0286EB3}</UniqueIdentifier>
      <Extensions>ui</Extensions>
      <ParseFiles>false</ParseFiles>
    </Filter>
    <Filter Include="Form Files">
      <UniqueIdentifier>{99349809-55BA-4b9d-BF79-8FDBB0286EB3}</UniqueIdentifier>
      <Extensions>ui</Extensions>
      <ParseFiles>false</ParseFiles>
    </Filter>
    <Filter Include="Generated Files">
      <UniqueIdentifier>{71ED8ED8-ACB9-4CE9-BBE1-E00B30144E11}</UniqueIdentifier>
      <Extensions>cpp;c;cxx;moc;h;def;odl;idl;res;</Extensions>
    </Filter>
    <Filter Include="Generated Files">
      <UniqueIdentifier>{71ED8ED8-ACB9-4CE9-BBE1-E00B30144E11}</UniqueIdentifier>
      <Extensions>cpp;c;cxx;moc;h;def;odl;idl;res;</Extensions>
    </Filter>
    <Filter Include="Header Files">
      <UniqueIdentifier>{93995380-89BD-4b04-88EB-625FBE52EBFB}</UniqueIdentifier>
      <Extensions>h;hpp;hxx;hm;inl;inc;xsd</Extensions>
    </Filter>
    <Filter Include="Header Files">
      <UniqueIdentifier>{93995380-89BD-4b04-88EB-625FBE52EBFB}</UniqueIdentifier>
      <Extensions>h;hpp;hxx;hm;inl;inc;xsd</Extensions>
    </Filter>
    <Filter Include="Resource Files">
      <UniqueIdentifier>{D9D6E242-F8AF-46E4-B9FD-80ECBC20BA3E}</UniqueIdentifier>
      <Extensions>qrc;*</Extensions>
      <ParseFiles>false</ParseFiles>
    </Filter>
    <Filter Include="Resource Files">
      <UniqueIdentifier>{D9D6E242-F8AF-46E4-B9FD-80ECBC20BA3E}</UniqueIdentifier>
      <Extensions>qrc;*</Extensions>
      <ParseFiles>false</ParseFiles>
    </Filter>
    <Filter Include="Source Files">
      <UniqueIdentifier>{4FC737F1-C7A5-4376-A066-2A32D752A2FF}</UniqueIdentifier>
      <Extensions>cpp;c;cxx;def;odl;idl;hpj;bat;asm;asmx</Extensions>
    </Filter>
    <Filter Include="Source Files">
      <UniqueIdentifier>{4FC737F1-C7A5-4376-A066-2A32D752A2FF}</UniqueIdentifier>
      <Extensions>cpp;c;cxx;def;odl;idl;hpj;bat;asm;asmx</Extensions>
    </Filter>
  </ItemGroup>
  <ItemGroup>
    <ClCompile Include="HanziManager.cpp">
      <Filter>Source Files</Filter>
    </ClCompile>
    <ClCompile Include="formhanziselector.cpp">
      <Filter>Source Files</Filter>
    </ClCompile>
    <ClCompile Include="formhanzitable.cpp">
      <Filter>Source Files</Filter>
    </ClCompile>
    <ClCompile Include="formnumpad.cpp">
      <Filter>Source Files</Filter>
    </ClCompile>
    <ClCompile Include="formsymbolpad.cpp">
      <Filter>Source Files</Filter>
    </ClCompile>
    <ClCompile Include="inputmethod.cpp">
      <Filter>Source Files</Filter>
    </ClCompile>
    <ClCompile Include="keyboard.cpp">
      <Filter>Source Files</Filter>
    </ClCompile>
    <ClCompile Include="login.cpp">
      <Filter>Source Files</Filter>
    </ClCompile>
    <ClCompile Include="main.cpp">
      <Filter>Source Files</Filter>
    </ClCompile>
    <ClCompile Include="padbase.cpp">
      <Filter>Source Files</Filter>
    </ClCompile>
  </ItemGroup>
  <ItemGroup>
    <ClInclude Include="ChineseTranslator.h">
      <Filter>Header Files</Filter>
    </ClInclude>
    <ClInclude Include="HanziManager.h">
      <Filter>Header Files</Filter>
    </ClInclude>
    <CustomBuild Include="formhanziselector.h">
      <Filter>Header Files</Filter>
    </CustomBuild>
    <CustomBuild Include="formhanzitable.h">
      <Filter>Header Files</Filter>
    </CustomBuild>
    <CustomBuild Include="formnumpad.h">
      <Filter>Header Files</Filter>
    </CustomBuild>
    <CustomBuild Include="formsymbolpad.h">
      <Filter>Header Files</Filter>
    </CustomBuild>
    <CustomBuild Include="inputmethod.h">
      <Filter>Header Files</Filter>
    </CustomBuild>
    <CustomBuild Include="keyboard.h">
      <Filter>Header Files</Filter>
    </CustomBuild>
    <CustomBuild Include="login.h">
      <Filter>Header Files</Filter>
    </CustomBuild>
    <CustomBuild Include="padbase.h">
      <Filter>Header Files</Filter>
    </CustomBuild>
  </ItemGroup>
  <ItemGroup>
    <ClCompile Include="debug\moc_formhanziselector.cpp">
      <Filter>Generated Files</Filter>
    </ClCompile>
    <ClCompile Include="release\moc_formhanziselector.cpp">
      <Filter>Generated Files</Filter>
    </ClCompile>
    <ClCompile Include="debug\moc_formhanzitable.cpp">
      <Filter>Generated Files</Filter>
    </ClCompile>
    <ClCompile Include="release\moc_formhanzitable.cpp">
      <Filter>Generated Files</Filter>
    </ClCompile>
    <ClCompile Include="debug\moc_formnumpad.cpp">
      <Filter>Generated Files</Filter>
    </ClCompile>
    <ClCompile Include="release\moc_formnumpad.cpp">
      <Filter>Generated Files</Filter>
    </ClCompile>
    <ClCompile Include="debug\moc_formsymbolpad.cpp">
      <Filter>Generated Files</Filter>
    </ClCompile>
    <ClCompile Include="release\moc_formsymbolpad.cpp">
      <Filter>Generated Files</Filter>
    </ClCompile>
    <ClCompile Include="debug\moc_inputmethod.cpp">
      <Filter>Generated Files</Filter>
    </ClCompile>
    <ClCompile Include="release\moc_inputmethod.cpp">
      <Filter>Generated Files</Filter>
    </ClCompile>
    <ClCompile Include="debug\moc_keyboard.cpp">
      <Filter>Generated Files</Filter>
    </ClCompile>
    <ClCompile Include="release\moc_keyboard.cpp">
      <Filter>Generated Files</Filter>
    </ClCompile>
    <ClCompile Include="debug\moc_login.cpp">
      <Filter>Generated Files</Filter>
    </ClCompile>
    <ClCompile Include="release\moc_login.cpp">
      <Filter>Generated Files</Filter>
    </ClCompile>
    <ClCompile Include="debug\moc_padbase.cpp">
      <Filter>Generated Files</Filter>
    </ClCompile>
    <ClCompile Include="release\moc_padbase.cpp">
      <Filter>Generated Files</Filter>
    </ClCompile>
    <ClCompile Include="debug\qrc_keypad.cpp">
      <Filter>Generated Files</Filter>
    </ClCompile>
    <ClCompile Include="release\qrc_keypad.cpp">
      <Filter>Generated Files</Filter>
    </ClCompile>
    <ClInclude Include="ui_formhanziselector.h">
      <Filter>Generated Files</Filter>
    </ClInclude>
    <ClInclude Include="ui_formhanzitable.h">
      <Filter>Generated Files</Filter>
    </ClInclude>
    <ClInclude Include="ui_formnumpad.h">
      <Filter>Generated Files</Filter>
    </ClInclude>
    <ClInclude Include="ui_formsymbolpad.h">
      <Filter>Generated Files</Filter>
    </ClInclude>
    <ClInclude Include="ui_keyboard.h">
      <Filter>Generated Files</Filter>
    </ClInclude>
  </ItemGroup>
  <ItemGroup>
    <CustomBuild Include="formhanziselector.ui">
      <Filter>Form Files</Filter>
    </CustomBuild>
    <CustomBuild Include="formhanzitable.ui">
      <Filter>Form Files</Filter>
    </CustomBuild>
    <CustomBuild Include="formnumpad.ui">
      <Filter>Form Files</Filter>
    </CustomBuild>
    <CustomBuild Include="formsymbolpad.ui">
      <Filter>Form Files</Filter>
    </CustomBuild>
    <CustomBuild Include="keyboard.ui">
      <Filter>Form Files</Filter>
    </CustomBuild>
  </ItemGroup>
  <ItemGroup>
    <None Include="picture\keypad\arrow-big-01.png">
      <Filter>Resource Files</Filter>
    </None>
    <None Include="picture\keypad\arrow-big-02.png">
      <Filter>Resource Files</Filter>
    </None>
    <None Include="picture\keypad\arrow-big-03.png">
      <Filter>Resource Files</Filter>
    </None>
    <None Include="picture\keypad\arrow-big-04.png">
      <Filter>Resource Files</Filter>
    </None>
    <None Include="picture\keypad\arrow-small-09.png">
      <Filter>Resource Files</Filter>
    </None>
    <None Include="picture\keypad\backspace.png">
      <Filter>Resource Files</Filter>
    </None>
    <None Include="picture\keypad\br_down.png">
      <Filter>Resource Files</Filter>
    </None>
    <None Include="picture\keypad\br_left.png">
      <Filter>Resource Files</Filter>
    </None>
    <None Include="picture\keypad\br_right.png">
      <Filter>Resource Files</Filter>
    </None>
    <None Include="picture\keypad\br_up.png">
      <Filter>Resource Files</Filter>
    </None>
    <None Include="picture\keypad\down.png">
      <Filter>Resource Files</Filter>
    </None>
    <None Include="picture\keypad\f0e2.png">
      <Filter>Resource Files</Filter>
    </None>
    <None Include="picture\keypad\keyboard.jpg">
      <Filter>Resource Files</Filter>
    </None>
    <CustomBuild Include="keypad.qrc">
      <Filter>Resource Files</Filter>
    </CustomBuild>
    <None Include="picture\keypad\left.png">
      <Filter>Resource Files</Filter>
    </None>
    <None Include="picture\logo.png">
      <Filter>Resource Files</Filter>
    </None>
    <None Include="picture\manager.png">
      <Filter>Resource Files</Filter>
    </None>
    <None Include="picture\keypad\power-shutdown.png">
      <Filter>Resource Files</Filter>
    </None>
    <None Include="picture\keypad\right.png">
      <Filter>Resource Files</Filter>
    </None>
    <None Include="picture\keypad\top.png">
      <Filter>Resource Files</Filter>
    </None>
    <None Include="picture\keypad\triangle-down.png">
      <Filter>Resource Files</Filter>
    </None>
    <None Include="picture\keypad\triangle-left.png">
      <Filter>Resource Files</Filter>
    </None>
    <None Include="picture\keypad\triangle-right.png">
      <Filter>Resource Files</Filter>
    </None>
    <None Include="picture\keypad\triangle-up.png">
      <Filter>Resource Files</Filter>
    </None>
  </ItemGroup>
</Project>